
Microsoft Visual Studio Solution File, Format Version 12.00
# Visual Studio Version 16
VisualStudioVersion = 16.0.31019.35
MinimumVisualStudioVersion = 15.0.26124.0
Project("{FAE04EC0-301F-11D3-BF4B-00C04F79EFBC}") = "windows-music-metadata-editor", "windows-music-metadata-editor\windows-music-metadata-editor.csproj", "{495BDE05-E134-4D18-A012-AD575BC17697}"
EndProject
Global
	GlobalSection(SolutionConfigurationPlatforms) = preSolution
		Debug|Any CPU = Debug|Any CPU
		Release|Any CPU = Release|Any CPU
	EndGlobalSection
	GlobalSection(ProjectConfigurationPlatforms) = postSolution
		{495BDE05-E134-4D18-A012-AD575BC17697}.Debug|Any CPU.ActiveCfg = Debug|Any CPU
		{495BDE05-E134-4D18-A012-AD575BC17697}.Debug|Any CPU.Build.0 = Debug|Any CPU
		{495BDE05-E134-4D18-A012-AD575BC17697}.Release|Any CPU.ActiveCfg = Release|Any CPU
		{495BDE05-E134-4D18-A012-AD575BC17697}.Release|Any CPU.Build.0 = Release|Any CPU
	EndGlobalSection
	GlobalSection(SolutionProperties) = preSolution
		HideSolutionNode = FALSE
	EndGlobalSection
	GlobalSection(ExtensibilityGlobals) = postSolution
		SolutionGuid = {EA86FC25-5953-40DC-B9B1-052E603F944C}
	EndGlobalSection
EndGlobal
